// !$*UTF8*$!
{
	archiveVersion = 1;
	classes = {
	};
	objectVersion = 50;
	objects = {

/* Begin PBXBuildFile section */
		09A8EF2F26480D1500DE7B71 /* SingerGenericApp.swift in Sources */ = {isa = PBXBuildFile; fileRef = 09A8EF2E26480D1500DE7B71 /* SingerGenericApp.swift */; };
		09A8EF3126480D1500DE7B71 /* ContentView.swift in Sources */ = {isa = PBXBuildFile; fileRef = 09A8EF3026480D1500DE7B71 /* ContentView.swift */; };
		09A8EF3326480D1900DE7B71 /* Assets.xcassets in Resources */ = {isa = PBXBuildFile; fileRef = 09A8EF3226480D1900DE7B71 /* Assets.xcassets */; };
		09A8EF3626480D1900DE7B71 /* Preview Assets.xcassets in Resources */ = {isa = PBXBuildFile; fileRef = 09A8EF3526480D1900DE7B71 /* Preview Assets.xcassets */; };
		09A8EF3826480D1900DE7B71 /* Persistence.swift in Sources */ = {isa = PBXBuildFile; fileRef = 09A8EF3726480D1900DE7B71 /* Persistence.swift */; };
		09A8EF3B26480D1900DE7B71 /* SingerGeneric.xcdatamodeld in Sources */ = {isa = PBXBuildFile; fileRef = 09A8EF3926480D1900DE7B71 /* SingerGeneric.xcdatamodeld */; };
/* End PBXBuildFile section */

/* Begin PBXFileReference section */
		09A8EF2B26480D1500DE7B71 /* SingerGeneric.app */ = {isa = PBXFileReference; explicitFileType = wrapper.application; includeInIndex = 0; path = SingerGeneric.app; sourceTree = BUILT_PRODUCTS_DIR; };
		09A8EF2E26480D1500DE7B71 /* SingerGenericApp.swift */ = {isa = PBXFileReference; lastKnownFileType = sourcecode.swift; path = SingerGenericApp.swift; sourceTree = "<group>"; };
		09A8EF3026480D1500DE7B71 /* ContentView.swift */ = {isa = PBXFileReference; lastKnownFileType = sourcecode.swift; path = ContentView.swift; sourceTree = "<group>"; };
		09A8EF3226480D1900DE7B71 /* Assets.xcassets */ = {isa = PBXFileReference; lastKnownFileType = folder.assetcatalog; path = Assets.xcassets; sourceTree = "<group>"; };
		09A8EF3526480D1900DE7B71 /* Preview Assets.xcassets */ = {isa = PBXFileReference; lastKnownFileType = folder.assetcatalog; path = "Preview Assets.xcassets"; sourceTree = "<group>"; };
		09A8EF3726480D1900DE7B71 /* Persistence.swift */ = {isa = PBXFileReference; lastKnownFileType = sourcecode.swift; path = Persistence.swift; sourceTree = "<group>"; };
		09A8EF3A26480D1900DE7B71 /* SingerGeneric.xcdatamodel */ = {isa = PBXFileReference; lastKnownFileType = wrapper.xcdatamodel; path = SingerGeneric.xcdatamodel; sourceTree = "<group>"; };
		09A8EF3C26480D1900DE7B71 /* Info.plist */ = {isa = PBXFileReference; lastKnownFileType = text.plist.xml; path = Info.plist; sourceTree = "<group>"; };
/* End PBXFileReference section */

/* Begin PBXFrameworksBuildPhase section */
		09A8EF2826480D1500DE7B71 /* Frameworks */ = {
			isa = PBXFrameworksBuildPhase;
			buildActionMask = 2147483647;
			files = (
			);
			runOnlyForDeploymentPostprocessing = 0;
		};
/* End PBXFrameworksBuildPhase section */

/* Begin PBXGroup section */
		09A8EF2226480D1500DE7B71 = {
			isa = PBXGroup;
			children = (
				09A8EF2D26480D1500DE7B71 /* SingerGeneric */,
				09A8EF2C26480D1500DE7B71 /* Products */,
			);
			sourceTree = "<group>";
		};
		09A8EF2C26480D1500DE7B71 /* Products */ = {
			isa = PBXGroup;
			children = (
				09A8EF2B26480D1500DE7B71 /* SingerGeneric.app */,
			);
			name = Products;
			sourceTree = "<group>";
		};
		09A8EF2D26480D1500DE7B71 /* SingerGeneric */ = {
			isa = PBXGroup;
			children = (
				09A8EF2E26480D1500DE7B71 /* SingerGenericApp.swift */,
				09A8EF3026480D1500DE7B71 /* ContentView.swift */,
				09A8EF3226480D1900DE7B71 /* Assets.xcassets */,
				09A8EF3726480D1900DE7B71 /* Persistence.swift */,
				09A8EF3C26480D1900DE7B71 /* Info.plist */,
				09A8EF3926480D1900DE7B71 /* SingerGeneric.xcdatamodeld */,
				09A8EF3426480D1900DE7B71 /* Preview Content */,
			);
			path = SingerGeneric;
			sourceTree = "<group>";
		};
		09A8EF3426480D1900DE7B71 /* Preview Content */ = {
			isa = PBXGroup;
			children = (
				09A8EF3526480D1900DE7B71 /* Preview Assets.xcassets */,
			);
			path = "Preview Content";
			sourceTree = "<group>";
		};
/* End PBXGroup section */

/* Begin PBXNativeTarget section */
		09A8EF2A26480D1500DE7B71 /* SingerGeneric */ = {
			isa = PBXNativeTarget;
			buildConfigurationList = 09A8EF3F26480D1900DE7B71 /* Build configuration list for PBXNativeTarget "SingerGeneric" */;
			buildPhases = (
				09A8EF2726480D1500DE7B71 /* Sources */,
				09A8EF2826480D1500DE7B71 /* Frameworks */,
				09A8EF2926480D1500DE7B71 /* Resources */,
			);
			buildRules = (
			);
			dependencies = (
			);
			name = SingerGeneric;
			productName = SingerGeneric;
			productReference = 09A8EF2B26480D1500DE7B71 /* SingerGeneric.app */;
			productType = "com.apple.product-type.application";
		};
/* End PBXNativeTarget section */

/* Begin PBXProject section */
		09A8EF2326480D1500DE7B71 /* Project object */ = {
			isa = PBXProject;
			attributes = {
				LastSwiftUpdateCheck = 1240;
				LastUpgradeCheck = 1240;
				TargetAttributes = {
					09A8EF2A26480D1500DE7B71 = {
						CreatedOnToolsVersion = 12.4;
					};
				};
			};
			buildConfigurationList = 09A8EF2626480D1500DE7B71 /* Build configuration list for PBXProject "SingerGeneric" */;
			compatibilityVersion = "Xcode 9.3";
			developmentRegion = en;
			hasScannedForEncodings = 0;
			knownRegions = (
				en,
				Base,
			);
			mainGroup = 09A8EF2226480D1500DE7B71;
			productRefGroup = 09A8EF2C26480D1500DE7B71 /* Products */;
			projectDirPath = "";
			projectRoot = "";
			targets = (
				09A8EF2A26480D1500DE7B71 /* SingerGeneric */,
			);
		};
/* End PBXProject section */

/* Begin PBXResourcesBuildPhase section */
		09A8EF2926480D1500DE7B71 /* Resources */ = {
			isa = PBXResourcesBuildPhase;
			buildActionMask = 2147483647;
			files = (
				09A8EF3626480D1900DE7B71 /* Preview Assets.xcassets in Resources */,
				09A8EF3326480D1900DE7B71 /* Assets.xcassets in Resources */,
			);
			runOnlyForDeploymentPostprocessing = 0;
		};
/* End PBXResourcesBuildPhase section */

/* Begin PBXSourcesBuildPhase section */
		09A8EF2726480D1500DE7B71 /* Sources */ = {
			isa = PBXSourcesBuildPhase;
			buildActionMask = 2147483647;
			files = (
				09A8EF3826480D1900DE7B71 /* Persistence.swift in Sources */,
				09A8EF3126480D1500DE7B71 /* ContentView.swift in Sources */,
				09A8EF2F26480D1500DE7B71 /* SingerGenericApp.swift in Sources */,
				09A8EF3B26480D1900DE7B71 /* SingerGeneric.xcdatamodeld in Sources */,
			);
			runOnlyForDeploymentPostprocessing = 0;
		};
/* End PBXSourcesBuildPhase section */

/* Begin XCBuildConfiguration section */
		09A8EF3D26480D1900DE7B71 /* Debug */ = {
			isa = XCBuildConfiguration;
			buildSettings = {
				ALWAYS_SEARCH_USER_PATHS = NO;
				CLANG_ANALYZER_NONNULL = YES;
				CLANG_ANALYZER_NUMBER_OBJECT_CONVERSION = YES_AGGRESSIVE;
				CLANG_CXX_LANGUAGE_STANDARD = "gnu++14";
				CLANG_CXX_LIBRARY = "libc++";
				CLANG_ENABLE_MODULES = YES;
				CLANG_ENABLE_OBJC_ARC = YES;
				CLANG_ENABLE_OBJC_WEAK = YES;
				CLANG_WARN_BLOCK_CAPTURE_AUTORELEASING = YES;
				CLANG_WARN_BOOL_CONVERSION = YES;
				CLANG_WARN_COMMA = YES;
				CLANG_WARN_CONSTANT_CONVERSION = YES;
				CLANG_WARN_DEPRECATED_OBJC_IMPLEMENTATIONS = YES;
				CLANG_WARN_DIRECT_OBJC_ISA_USAGE = YES_ERROR;
				CLANG_WARN_DOCUMENTATION_COMMENTS = YES;
				CLANG_WARN_EMPTY_BODY = YES;
				CLANG_WARN_ENUM_CONVERSION = YES;
				CLANG_WARN_INFINITE_RECURSION = YES;
				CLANG_WARN_INT_CONVERSION = YES;
				CLANG_WARN_NON_LITERAL_NULL_CONVERSION = YES;
				CLANG_WARN_OBJC_IMPLICIT_RETAIN_SELF = YES;
				CLANG_WARN_OBJC_LITERAL_CONVERSION = YES;
				CLANG_WARN_OBJC_ROOT_CLASS = YES_ERROR;
				CLANG_WARN_QUOTED_INCLUDE_IN_FRAMEWORK_HEADER = YES;
				CLANG_WARN_RANGE_LOOP_ANALYSIS = YES;
				CLANG_WARN_STRICT_PROTOTYPES = YES;
				CLANG_WARN_SUSPICIOUS_MOVE = YES;
				CLANG_WARN_UNGUARDED_AVAILABILITY = YES_AGGRESSIVE;
				CLANG_WARN_UNREACHABLE_CODE = YES;
				CLANG_WARN__DUPLICATE_METHOD_MATCH = YES;
				COPY_PHASE_STRIP = NO;
				DEBUG_INFORMATION_FORMAT = dwarf;
				ENABLE_STRICT_OBJC_MSGSEND = YES;
				ENABLE_TESTABILITY = YES;
				GCC_C_LANGUAGE_STANDARD = gnu11;
				GCC_DYNAMIC_NO_PIC = NO;
				GCC_NO_COMMON_BLOCKS = YES;
				GCC_OPTIMIZATION_LEVEL = 0;
				GCC_PREPROCESSOR_DEFINITIONS = (
					"DEBUG=1",
					"$(inherited)",
				);
				GCC_WARN_64_TO_32_BIT_CONVERSION = YES;
				GCC_WARN_ABOUT_RETURN_TYPE = YES_ERROR;
				GCC_WARN_UNDECLARED_SELECTOR = YES;
				GCC_WARN_UNINITIALIZED_AUTOS = YES_AGGRESSIVE;
				GCC_WARN_UNUSED_FUNCTION = YES;
				GCC_WARN_UNUSED_VARIABLE = YES;
				IPHONEOS_DEPLOYMENT_TARGET = 14.4;
				MTL_ENABLE_DEBUG_INFO = INCLUDE_SOURCE;
				MTL_FAST_MATH = YES;
				ONLY_ACTIVE_ARCH = YES;
				SDKROOT = iphoneos;
				SWIFT_ACTIVE_COMPILATION_CONDITIONS = DEBUG;
				SWIFT_OPTIMIZATION_LEVEL = "-Onone";
			};
			name = Debug;
		};
		09A8EF3E26480D1900DE7B71 /* Release */ = {
			isa = XCBuildConfiguration;
			buildSettings = {
				ALWAYS_SEARCH_USER_PATHS = NO;
				CLANG_ANALYZER_NONNULL = YES;
				CLANG_ANALYZER_NUMBER_OBJECT_CONVERSION = YES_AGGRESSIVE;
				CLANG_CXX_LANGUAGE_STANDARD = "gnu++14";
				CLANG_CXX_LIBRARY = "libc++";
				CLANG_ENABLE_MODULES = YES;
				CLANG_ENABLE_OBJC_ARC = YES;
				CLANG_ENABLE_OBJC_WEAK = YES;
				CLANG_WARN_BLOCK_CAPTURE_AUTORELEASING = YES;
				CLANG_WARN_BOOL_CONVERSION = YES;
				CLANG_WARN_COMMA = YES;
				CLANG_WARN_CONSTANT_CONVERSION = YES;
				CLANG_WARN_DEPRECATED_OBJC_IMPLEMENTATIONS = YES;
				CLANG_WARN_DIRECT_OBJC_ISA_USAGE = YES_ERROR;
				CLANG_WARN_DOCUMENTATION_COMMENTS = YES;
				CLANG_WARN_EMPTY_BODY = YES;
				CLANG_WARN_ENUM_CONVERSION = YES;
				CLANG_WARN_INFINITE_RECURSION = YES;
				CLANG_WARN_INT_CONVERSION = YES;
				CLANG_WARN_NON_LITERAL_NULL_CONVERSION = YES;
				CLANG_WARN_OBJC_IMPLICIT_RETAIN_SELF = YES;
				CLANG_WARN_OBJC_LITERAL_CONVERSION = YES;
				CLANG_WARN_OBJC_ROOT_CLASS = YES_ERROR;
				CLANG_WARN_QUOTED_INCLUDE_IN_FRAMEWORK_HEADER = YES;
				CLANG_WARN_RANGE_LOOP_ANALYSIS = YES;
				CLANG_WARN_STRICT_PROTOTYPES = YES;
				CLANG_WARN_SUSPICIOUS_MOVE = YES;
				CLANG_WARN_UNGUARDED_AVAILABILITY = YES_AGGRESSIVE;
				CLANG_WARN_UNREACHABLE_CODE = YES;
				CLANG_WARN__DUPLICATE_METHOD_MATCH = YES;
				COPY_PHASE_STRIP = NO;
				DEBUG_INFORMATION_FORMAT = "dwarf-with-dsym";
				ENABLE_NS_ASSERTIONS = NO;
				ENABLE_STRICT_OBJC_MSGSEND = YES;
				GCC_C_LANGUAGE_STANDARD = gnu11;
				GCC_NO_COMMON_BLOCKS = YES;
				GCC_WARN_64_TO_32_BIT_CONVERSION = YES;
				GCC_WARN_ABOUT_RETURN_TYPE = YES_ERROR;
				GCC_WARN_UNDECLARED_SELECTOR = YES;
				GCC_WARN_UNINITIALIZED_AUTOS = YES_AGGRESSIVE;
				GCC_WARN_UNUSED_FUNCTION = YES;
				GCC_WARN_UNUSED_VARIABLE = YES;
				IPHONEOS_DEPLOYMENT_TARGET = 14.4;
				MTL_ENABLE_DEBUG_INFO = NO;
				MTL_FAST_MATH = YES;
				SDKROOT = iphoneos;
				SWIFT_COMPILATION_MODE = wholemodule;
				SWIFT_OPTIMIZATION_LEVEL = "-O";
				VALIDATE_PRODUCT = YES;
			};
			name = Release;
		};
		09A8EF4026480D1900DE7B71 /* Debug */ = {
			isa = XCBuildConfiguration;
			buildSettings = {
				ASSETCATALOG_COMPILER_APPICON_NAME = AppIcon;
				ASSETCATALOG_COMPILER_GLOBAL_ACCENT_COLOR_NAME = AccentColor;
				CODE_SIGN_STYLE = Automatic;
				DEVELOPMENT_ASSET_PATHS = "\"SingerGeneric/Preview Content\"";
				DEVELOPMENT_TEAM = PKTBX2CYQK;
				ENABLE_PREVIEWS = YES;
				INFOPLIST_FILE = SingerGeneric/Info.plist;
				IPHONEOS_DEPLOYMENT_TARGET = 14.0;
				LD_RUNPATH_SEARCH_PATHS = (
					"$(inherited)",
					"@executable_path/Frameworks",
				);
				PRODUCT_BUNDLE_IDENTIFIER = com.nicefiction.SingerGeneric;
				PRODUCT_NAME = "$(TARGET_NAME)";
				SWIFT_VERSION = 5.0;
				TARGETED_DEVICE_FAMILY = "1,2";
			};
			name = Debug;
		};
		09A8EF4126480D1900DE7B71 /* Release */ = {
			isa = XCBuildConfiguration;
			buildSettings = {
				ASSETCATALOG_COMPILER_APPICON_NAME = AppIcon;
				ASSETCATALOG_COMPILER_GLOBAL_ACCENT_COLOR_NAME = AccentColor;
				CODE_SIGN_STYLE = Automatic;
				DEVELOPMENT_ASSET_PATHS = "\"SingerGeneric/Preview Content\"";
				DEVELOPMENT_TEAM = PKTBX2CYQK;
				ENABLE_PREVIEWS = YES;
				INFOPLIST_FILE = SingerGeneric/Info.plist;
				IPHONEOS_DEPLOYMENT_TARGET = 14.0;
				LD_RUNPATH_SEARCH_PATHS = (
					"$(inherited)",
					"@executable_path/Frameworks",
				);
				PRODUCT_BUNDLE_IDENTIFIER = com.nicefiction.SingerGeneric;
				PRODUCT_NAME = "$(TARGET_NAME)";
				SWIFT_VERSION = 5.0;
				TARGETED_DEVICE_FAMILY = "1,2";
			};
			name = Release;
		};
/* End XCBuildConfiguration section */

/* Begin XCConfigurationList section */
		09A8EF2626480D1500DE7B71 /* Build configuration list for PBXProject "SingerGeneric" */ = {
			isa = XCConfigurationList;
			buildConfigurations = (
				09A8EF3D26480D1900DE7B71 /* Debug */,
				09A8EF3E26480D1900DE7B71 /* Release */,
			);
			defaultConfigurationIsVisible = 0;
			defaultConfigurationName = Release;
		};
		09A8EF3F26480D1900DE7B71 /* Build configuration list for PBXNativeTarget "SingerGeneric" */ = {
			isa = XCConfigurationList;
			buildConfigurations = (
				09A8EF4026480D1900DE7B71 /* Debug */,
				09A8EF4126480D1900DE7B71 /* Release */,
			);
			defaultConfigurationIsVisible = 0;
			defaultConfigurationName = Release;
		};
/* End XCConfigurationList section */

/* Begin XCVersionGroup section */
		09A8EF3926480D1900DE7B71 /* SingerGeneric.xcdatamodeld */ = {
			isa = XCVersionGroup;
			children = (
				09A8EF3A26480D1900DE7B71 /* SingerGeneric.xcdatamodel */,
			);
			currentVersion = 09A8EF3A26480D1900DE7B71 /* SingerGeneric.xcdatamodel */;
			path = SingerGeneric.xcdatamodeld;
			sourceTree = "<group>";
			versionGroupType = wrapper.xcdatamodel;
		};
/* End XCVersionGroup section */
	};
	rootObject = 09A8EF2326480D1500DE7B71 /* Project object */;
}
